{
  "name": "std ai travel plan",
  "lockfileVersion": 3,
  "requires": true,
  "packages": {
    "": {
      "dependencies": {
        "groq": "^3.99.0"
      }
    },
    "node_modules/groq": {
      "version": "3.99.0",
      "resolved": "https://registry.npmjs.org/groq/-/groq-3.99.0.tgz",
      "integrity": "sha512-ZwKAWzvVCw51yjmIf5484KgsAzZAlGTM4uy9lki4PjAYxcEME2Xf93d31LhHzgUAr2JI79H+cNKoRjDHdv1BXQ==",
      "license": "MIT",
      "engines": {
        "node": ">=18"
      }
    }
  }
}
